
Microsoft Visual Studio Solution File, Format Version 12.00
# Visual Studio Version 17
VisualStudioVersion = 17.2.32505.173
MinimumVisualStudioVersion = 10.0.40219.1
Project("{FAE04EC0-301F-11D3-BF4B-00C04F79EFBC}") = "ConsoleApp", "ConsoleApp\ConsoleApp.csproj", "{BC63326F-22AE-4767-AE84-02F028AA0238}"
EndProject
Global
	GlobalSection(SolutionConfigurationPlatforms) = preSolution
		Debug|Any CPU = Debug|Any CPU
		Release|Any CPU = Release|Any CPU
	EndGlobalSection
	GlobalSection(ProjectConfigurationPlatforms) = postSolution
		{BC63326F-22AE-4767-AE84-02F028AA0238}.Debug|Any CPU.ActiveCfg = Debug|Any CPU
		{BC63326F-22AE-4767-AE84-02F028AA0238}.Debug|Any CPU.Build.0 = Debug|Any CPU
		{BC63326F-22AE-4767-AE84-02F028AA0238}.Release|Any CPU.ActiveCfg = Release|Any CPU
		{BC63326F-22AE-4767-AE84-02F028AA0238}.Release|Any CPU.Build.0 = Release|Any CPU
	EndGlobalSection
	GlobalSection(SolutionProperties) = preSolution
		HideSolutionNode = FALSE
	EndGlobalSection
	GlobalSection(ExtensibilityGlobals) = postSolution
		SolutionGuid = {A934C04D-3B09-4875-876E-11BFDF118713}
	EndGlobalSection
EndGlobal
